dependencies:
- name: kube-prometheus-stack
  repository: https://prometheus-community.github.io/helm-charts
  version: 47.4.0
- name: redis
  repository: oci://registry-1.docker.io/bitnamicharts
  version: 17.11.8
digest: sha256:9fe6f9be11e17eb964c99b18284906828fe9ff61994fa66862c74e89651db281
generated: "2023-07-11T21:20:41.995743+08:00"
